PODS:
  - Mapbox-iOS-SDK (3.0.0)
  - RCTMapboxGL (2.2.0):
    - Mapbox-iOS-SDK (= 3.0.0)

DEPENDENCIES:
  - RCTMapboxGL (from `node_modules/react-native-mapbox-gl/ios`)

EXTERNAL SOURCES:
  RCTMapboxGL:
    :path: node_modules/react-native-mapbox-gl/ios

SPEC CHECKSUMS:
  Mapbox-iOS-SDK: 5e7bafc554a15ebfc615d8b0fa0a0b5d31faac70
  RCTMapboxGL: 9ba1ee8eb21ff9af7f3395258466b71c11860ef6

COCOAPODS: 0.39.0
